// !$*UTF8*$!
{
	archiveVersion = 1;
	classes = {
	};
	objectVersion = 50;
	objects = {

/* Begin PBXFileReference section */
		901FC17A25FECBCD00499C57 /* game.cpp */ = {isa = PBXFileReference; lastKnownFileType = sourcecode.cpp.cpp; path = game.cpp; sourceTree = "<group>"; };
		901FC17B25FECBCD00499C57 /* game.h */ = {isa = PBXFileReference; lastKnownFileType = sourcecode.c.h; path = game.h; sourceTree = "<group>"; };
		9037BF1D26352BD600C2BDC1 /* OpenGLBoxing3D.xcodeproj */ = {isa = PBXFileReference; lastKnownFileType = "wrapper.pb-project"; path = OpenGLBoxing3D.xcodeproj; sourceTree = "<group>"; };
		9037BF2026352BE600C2BDC1 /* makefile */ = {isa = PBXFileReference; fileEncoding = 4; lastKnownFileType = sourcecode.make; path = makefile; sourceTree = "<group>"; };
		905F384A2606E55C0061448D /* tinyxml2lib.cpp */ = {isa = PBXFileReference; lastKnownFileType = sourcecode.cpp.cpp; path = tinyxml2lib.cpp; sourceTree = "<group>"; };
		905F384B2606E55C0061448D /* tinyxml2lib.h */ = {isa = PBXFileReference; lastKnownFileType = sourcecode.c.h; path = tinyxml2lib.h; sourceTree = "<group>"; };
		905F384C2606E5C20061448D /* xmlparser.cpp */ = {isa = PBXFileReference; lastKnownFileType = sourcecode.cpp.cpp; path = xmlparser.cpp; sourceTree = "<group>"; };
		905F384D2606E5C20061448D /* xmlparser.h */ = {isa = PBXFileReference; lastKnownFileType = sourcecode.c.h; path = xmlparser.h; sourceTree = "<group>"; };
		905F384E2606E98C0061448D /* game-config.cpp */ = {isa = PBXFileReference; lastKnownFileType = sourcecode.cpp.cpp; path = "game-config.cpp"; sourceTree = "<group>"; };
		905F384F2606E98C0061448D /* game-config.h */ = {isa = PBXFileReference; lastKnownFileType = sourcecode.c.h; path = "game-config.h"; sourceTree = "<group>"; };
		90B98C4A2603A0FD005403C2 /* mouse.cpp */ = {isa = PBXFileReference; lastKnownFileType = sourcecode.cpp.cpp; path = mouse.cpp; sourceTree = "<group>"; };
		90B98C4B2603A0FD005403C2 /* mouse.h */ = {isa = PBXFileReference; lastKnownFileType = sourcecode.c.h; path = mouse.h; sourceTree = "<group>"; };
		90D4CB9E26090BAA00931D53 /* makefile.mac */ = {isa = PBXFileReference; fileEncoding = 4; lastKnownFileType = text; path = makefile.mac; sourceTree = "<group>"; };
		90F480AC25FDA4A200B1C69C /* README.md */ = {isa = PBXFileReference; fileEncoding = 4; lastKnownFileType = net.daringfireball.markdown; path = README.md; sourceTree = "<group>"; };
		90F480AD25FDA52C00B1C69C /* makefile.linux */ = {isa = PBXFileReference; fileEncoding = 4; lastKnownFileType = text; path = makefile.linux; sourceTree = "<group>"; };
		90F480AE25FDA52C00B1C69C /* framework.h */ = {isa = PBXFileReference; fileEncoding = 4; lastKnownFileType = sourcecode.c.h; path = framework.h; sourceTree = "<group>"; };
		90F480AF25FDA52C00B1C69C /* main.cpp */ = {isa = PBXFileReference; fileEncoding = 4; lastKnownFileType = sourcecode.cpp.cpp; path = main.cpp; sourceTree = "<group>"; };
		90F480B325FDA52C00B1C69C /* framework.cpp */ = {isa = PBXFileReference; fileEncoding = 4; lastKnownFileType = sourcecode.cpp.cpp; path = framework.cpp; sourceTree = "<group>"; };
		90F480B425FDA7F900B1C69C /* character.cpp */ = {isa = PBXFileReference; lastKnownFileType = sourcecode.cpp.cpp; path = character.cpp; sourceTree = "<group>"; };
		90F480B525FDA7F900B1C69C /* character.h */ = {isa = PBXFileReference; lastKnownFileType = sourcecode.c.h; path = character.h; sourceTree = "<group>"; };
/* End PBXFileReference section */

/* Begin PBXGroup section */
		9037BF1E26352BD600C2BDC1 /* Products */ = {
			isa = PBXGroup;
			name = Products;
			sourceTree = "<group>";
		};
		90F480A125FDA43B00B1C69C = {
			isa = PBXGroup;
			children = (
				901FC17A25FECBCD00499C57 /* game.cpp */,
				901FC17B25FECBCD00499C57 /* game.h */,
				90F480B425FDA7F900B1C69C /* character.cpp */,
				90F480B525FDA7F900B1C69C /* character.h */,
				905F384A2606E55C0061448D /* tinyxml2lib.cpp */,
				905F384B2606E55C0061448D /* tinyxml2lib.h */,
				905F384C2606E5C20061448D /* xmlparser.cpp */,
				905F384D2606E5C20061448D /* xmlparser.h */,
				905F384E2606E98C0061448D /* game-config.cpp */,
				905F384F2606E98C0061448D /* game-config.h */,
				90B98C4A2603A0FD005403C2 /* mouse.cpp */,
				90B98C4B2603A0FD005403C2 /* mouse.h */,
				90F480AC25FDA4A200B1C69C /* README.md */,
				90F480B325FDA52C00B1C69C /* framework.cpp */,
				90F480AE25FDA52C00B1C69C /* framework.h */,
				90F480AF25FDA52C00B1C69C /* main.cpp */,
				90F480AD25FDA52C00B1C69C /* makefile.linux */,
				90D4CB9E26090BAA00931D53 /* makefile.mac */,
				9037BF1D26352BD600C2BDC1 /* OpenGLBoxing3D.xcodeproj */,
				9037BF2026352BE600C2BDC1 /* makefile */,
			);
			sourceTree = "<group>";
		};
/* End PBXGroup section */

/* Begin PBXLegacyTarget section */
		90F480A625FDA43B00B1C69C /* OpenGLBoxing3D */ = {
			isa = PBXLegacyTarget;
			buildArgumentsString = "run ARGS=\"/Users/matheusleanon/Documents/Code/OpenGLBoxing3D/examples/arena_2.svg\"";
			buildConfigurationList = 90F480A925FDA43B00B1C69C /* Build configuration list for PBXLegacyTarget "OpenGLBoxing3D" */;
			buildPhases = (
			);
			buildToolPath = /usr/bin/make;
			buildWorkingDirectory = /Users/matheusleanon/Documents/Code/OpenGLBoxing3D;
			dependencies = (
			);
			name = OpenGLBoxing3D;
			passBuildSettingsInEnvironment = 1;
			productName = OpenGLBoxing2D;
		};
/* End PBXLegacyTarget section */

/* Begin PBXProject section */
		90F480A225FDA43B00B1C69C /* Project object */ = {
			isa = PBXProject;
			attributes = {
				LastUpgradeCheck = 1240;
				TargetAttributes = {
					90F480A625FDA43B00B1C69C = {
						CreatedOnToolsVersion = 12.4;
					};
				};
			};
			buildConfigurationList = 90F480A525FDA43B00B1C69C /* Build configuration list for PBXProject "OpenGLBoxing3D" */;
			compatibilityVersion = "Xcode 9.3";
			developmentRegion = en;
			hasScannedForEncodings = 0;
			knownRegions = (
				en,
				Base,
			);
			mainGroup = 90F480A125FDA43B00B1C69C;
			projectDirPath = "";
			projectReferences = (
				{
					ProductGroup = 9037BF1E26352BD600C2BDC1 /* Products */;
					ProjectRef = 9037BF1D26352BD600C2BDC1 /* OpenGLBoxing3D.xcodeproj */;
				},
			);
			projectRoot = "";
			targets = (
				90F480A625FDA43B00B1C69C /* OpenGLBoxing3D */,
			);
		};
/* End PBXProject section */

/* Begin XCBuildConfiguration section */
		90F480A725FDA43B00B1C69C /* Debug */ = {
			isa = XCBuildConfiguration;
			buildSettings = {
				ALWAYS_SEARCH_USER_PATHS = NO;
				CLANG_ANALYZER_NONNULL = YES;
				CLANG_ANALYZER_NUMBER_OBJECT_CONVERSION = YES_AGGRESSIVE;
				CLANG_CXX_LANGUAGE_STANDARD = "gnu++14";
				CLANG_CXX_LIBRARY = "libc++";
				CLANG_ENABLE_MODULES = YES;
				CLANG_ENABLE_OBJC_ARC = YES;
				CLANG_ENABLE_OBJC_WEAK = YES;
				CLANG_WARN_BLOCK_CAPTURE_AUTORELEASING = YES;
				CLANG_WARN_BOOL_CONVERSION = YES;
				CLANG_WARN_COMMA = YES;
				CLANG_WARN_CONSTANT_CONVERSION = YES;
				CLANG_WARN_DEPRECATED_OBJC_IMPLEMENTATIONS = YES;
				CLANG_WARN_DIRECT_OBJC_ISA_USAGE = YES_ERROR;
				CLANG_WARN_DOCUMENTATION_COMMENTS = YES;
				CLANG_WARN_EMPTY_BODY = YES;
				CLANG_WARN_ENUM_CONVERSION = YES;
				CLANG_WARN_INFINITE_RECURSION = YES;
				CLANG_WARN_INT_CONVERSION = YES;
				CLANG_WARN_NON_LITERAL_NULL_CONVERSION = YES;
				CLANG_WARN_OBJC_IMPLICIT_RETAIN_SELF = YES;
				CLANG_WARN_OBJC_LITERAL_CONVERSION = YES;
				CLANG_WARN_OBJC_ROOT_CLASS = YES_ERROR;
				CLANG_WARN_QUOTED_INCLUDE_IN_FRAMEWORK_HEADER = YES;
				CLANG_WARN_RANGE_LOOP_ANALYSIS = YES;
				CLANG_WARN_STRICT_PROTOTYPES = YES;
				CLANG_WARN_SUSPICIOUS_MOVE = YES;
				CLANG_WARN_UNGUARDED_AVAILABILITY = YES_AGGRESSIVE;
				CLANG_WARN_UNREACHABLE_CODE = YES;
				CLANG_WARN__DUPLICATE_METHOD_MATCH = YES;
				COPY_PHASE_STRIP = NO;
				DEBUG_INFORMATION_FORMAT = dwarf;
				ENABLE_STRICT_OBJC_MSGSEND = YES;
				ENABLE_TESTABILITY = YES;
				GCC_C_LANGUAGE_STANDARD = gnu11;
				GCC_DYNAMIC_NO_PIC = NO;
				GCC_NO_COMMON_BLOCKS = YES;
				GCC_OPTIMIZATION_LEVEL = 0;
				GCC_PREPROCESSOR_DEFINITIONS = (
					"DEBUG=1",
					"$(inherited)",
				);
				GCC_WARN_64_TO_32_BIT_CONVERSION = YES;
				GCC_WARN_ABOUT_RETURN_TYPE = YES_ERROR;
				GCC_WARN_UNDECLARED_SELECTOR = YES;
				GCC_WARN_UNINITIALIZED_AUTOS = YES_AGGRESSIVE;
				GCC_WARN_UNUSED_FUNCTION = YES;
				GCC_WARN_UNUSED_VARIABLE = YES;
				MTL_ENABLE_DEBUG_INFO = INCLUDE_SOURCE;
				MTL_FAST_MATH = YES;
				ONLY_ACTIVE_ARCH = YES;
			};
			name = Debug;
		};
		90F480A825FDA43B00B1C69C /* Release */ = {
			isa = XCBuildConfiguration;
			buildSettings = {
				ALWAYS_SEARCH_USER_PATHS = NO;
				CLANG_ANALYZER_NONNULL = YES;
				CLANG_ANALYZER_NUMBER_OBJECT_CONVERSION = YES_AGGRESSIVE;
				CLANG_CXX_LANGUAGE_STANDARD = "gnu++14";
				CLANG_CXX_LIBRARY = "libc++";
				CLANG_ENABLE_MODULES = YES;
				CLANG_ENABLE_OBJC_ARC = YES;
				CLANG_ENABLE_OBJC_WEAK = YES;
				CLANG_WARN_BLOCK_CAPTURE_AUTORELEASING = YES;
				CLANG_WARN_BOOL_CONVERSION = YES;
				CLANG_WARN_COMMA = YES;
				CLANG_WARN_CONSTANT_CONVERSION = YES;
				CLANG_WARN_DEPRECATED_OBJC_IMPLEMENTATIONS = YES;
				CLANG_WARN_DIRECT_OBJC_ISA_USAGE = YES_ERROR;
				CLANG_WARN_DOCUMENTATION_COMMENTS = YES;
				CLANG_WARN_EMPTY_BODY = YES;
				CLANG_WARN_ENUM_CONVERSION = YES;
				CLANG_WARN_INFINITE_RECURSION = YES;
				CLANG_WARN_INT_CONVERSION = YES;
				CLANG_WARN_NON_LITERAL_NULL_CONVERSION = YES;
				CLANG_WARN_OBJC_IMPLICIT_RETAIN_SELF = YES;
				CLANG_WARN_OBJC_LITERAL_CONVERSION = YES;
				CLANG_WARN_OBJC_ROOT_CLASS = YES_ERROR;
				CLANG_WARN_QUOTED_INCLUDE_IN_FRAMEWORK_HEADER = YES;
				CLANG_WARN_RANGE_LOOP_ANALYSIS = YES;
				CLANG_WARN_STRICT_PROTOTYPES = YES;
				CLANG_WARN_SUSPICIOUS_MOVE = YES;
				CLANG_WARN_UNGUARDED_AVAILABILITY = YES_AGGRESSIVE;
				CLANG_WARN_UNREACHABLE_CODE = YES;
				CLANG_WARN__DUPLICATE_METHOD_MATCH = YES;
				COPY_PHASE_STRIP = NO;
				DEBUG_INFORMATION_FORMAT = "dwarf-with-dsym";
				ENABLE_NS_ASSERTIONS = NO;
				ENABLE_STRICT_OBJC_MSGSEND = YES;
				GCC_C_LANGUAGE_STANDARD = gnu11;
				GCC_NO_COMMON_BLOCKS = YES;
				GCC_WARN_64_TO_32_BIT_CONVERSION = YES;
				GCC_WARN_ABOUT_RETURN_TYPE = YES_ERROR;
				GCC_WARN_UNDECLARED_SELECTOR = YES;
				GCC_WARN_UNINITIALIZED_AUTOS = YES_AGGRESSIVE;
				GCC_WARN_UNUSED_FUNCTION = YES;
				GCC_WARN_UNUSED_VARIABLE = YES;
				MTL_ENABLE_DEBUG_INFO = NO;
				MTL_FAST_MATH = YES;
			};
			name = Release;
		};
		90F480AA25FDA43B00B1C69C /* Debug */ = {
			isa = XCBuildConfiguration;
			buildSettings = {
				CODE_SIGN_STYLE = Automatic;
				DEBUGGING_SYMBOLS = YES;
				DEBUG_INFORMATION_FORMAT = dwarf;
				GCC_GENERATE_DEBUGGING_SYMBOLS = YES;
				GCC_OPTIMIZATION_LEVEL = 0;
				OTHER_CFLAGS = "";
				OTHER_LDFLAGS = "";
				PRODUCT_NAME = "$(TARGET_NAME)";
			};
			name = Debug;
		};
		90F480AB25FDA43B00B1C69C /* Release */ = {
			isa = XCBuildConfiguration;
			buildSettings = {
				CODE_SIGN_STYLE = Automatic;
				DEBUG_INFORMATION_FORMAT = "dwarf-with-dsym";
				OTHER_CFLAGS = "";
				OTHER_LDFLAGS = "";
				PRODUCT_NAME = "$(TARGET_NAME)";
			};
			name = Release;
		};
/* End XCBuildConfiguration section */

/* Begin XCConfigurationList section */
		90F480A525FDA43B00B1C69C /* Build configuration list for PBXProject "OpenGLBoxing3D" */ = {
			isa = XCConfigurationList;
			buildConfigurations = (
				90F480A725FDA43B00B1C69C /* Debug */,
				90F480A825FDA43B00B1C69C /* Release */,
			);
			defaultConfigurationIsVisible = 0;
			defaultConfigurationName = Release;
		};
		90F480A925FDA43B00B1C69C /* Build configuration list for PBXLegacyTarget "OpenGLBoxing3D" */ = {
			isa = XCConfigurationList;
			buildConfigurations = (
				90F480AA25FDA43B00B1C69C /* Debug */,
				90F480AB25FDA43B00B1C69C /* Release */,
			);
			defaultConfigurationIsVisible = 0;
			defaultConfigurationName = Release;
		};
/* End XCConfigurationList section */
	};
	rootObject = 90F480A225FDA43B00B1C69C /* Project object */;
}
